
Microsoft Visual Studio Solution File, Format Version 12.00
# Visual Studio 15
VisualStudioVersion = 15.0.28307.168
MinimumVisualStudioVersion = 10.0.40219.1
Project("{FAE04EC0-301F-11D3-BF4B-00C04F79EFBC}") = "DateApp", "DateApp\DateApp.csproj", "{ACF424F3-E516-442B-AF54-ED4BF20CA3AF}"
EndProject
Global
	GlobalSection(SolutionConfigurationPlatforms) = preSolution
		Debug|Any CPU = Debug|Any CPU
		Release|Any CPU = Release|Any CPU
	EndGlobalSection
	GlobalSection(ProjectConfigurationPlatforms) = postSolution
		{ACF424F3-E516-442B-AF54-ED4BF20CA3AF}.Debug|Any CPU.ActiveCfg = Debug|Any CPU
		{ACF424F3-E516-442B-AF54-ED4BF20CA3AF}.Debug|Any CPU.Build.0 = Debug|Any CPU
		{ACF424F3-E516-442B-AF54-ED4BF20CA3AF}.Release|Any CPU.ActiveCfg = Release|Any CPU
		{ACF424F3-E516-442B-AF54-ED4BF20CA3AF}.Release|Any CPU.Build.0 = Release|Any CPU
	EndGlobalSection
	GlobalSection(SolutionProperties) = preSolution
		HideSolutionNode = FALSE
	EndGlobalSection
	GlobalSection(ExtensibilityGlobals) = postSolution
		SolutionGuid = {B19D2680-7A54-4B9B-B6B9-C489D49ADD53}
	EndGlobalSection
EndGlobal
